{
    "_readme": [
        "This file locks the dependencies of your project to a known state",
        "Read more about it at https://getcomposer.org/doc/01-basic-usage.md#composer-lock-the-lock-file",
        "This file is @generated automatically"
    ],
    "content-hash": "f979a76b7d0085eee08f43af7d3b6a7a",
    "packages": [
        {
            "name": "joshcam/mysqli-database-class",
            "version": "dev-master",
            "source": {
                "type": "git",
                "url": "https://github.com/joshcam/PHP-MySQLi-Database-Class.git",
                "reference": "6e13d5a82d2ac0eb71c2a2a30681ecea7e21e8f4"
            },
            "dist": {
                "type": "zip",
                "url": "https://files.phpcomposer.com/files/joshcam/PHP-MySQLi-Database-Class/6e13d5a82d2ac0eb71c2a2a30681ecea7e21e8f4.zip",
                "reference": "6e13d5a82d2ac0eb71c2a2a30681ecea7e21e8f4",
                "shasum": ""
            },
            "require": {
                "php": ">=5.3.0"
            },
            "type": "library",
            "autoload": {
                "files": [
                    "MysqliDb.php",
                    "dbObject.php"
                ]
            },
            "notification-url": "https://packagist.org/downloads/",
            "license": [
                "GPL-3.0"
            ],
            "authors": [
                {
                    "name": "Josh Campbell",
                    "email": "josh.lee.campbell@gmail.com",
                    "homepage": "https://github.com/joshcam",
                    "role": "Developer"
                },
                {
                    "name": "Alexander V. Butenko",
                    "email": "a.butenka@gmail.com",
                    "homepage": "http://smarttechdo.com",
                    "role": "Developer"
                }
            ],
            "description": "PHP MySQL Wrapper and object mapper which utilizes MySQLi and prepared statements",
            "time": "2017-10-09 12:56:37"
        }
    ],
    "packages-dev": [],
    "aliases": [],
    "minimum-stability": "stable",
    "stability-flags": {
        "joshcam/mysqli-database-class": 20
    },
    "prefer-stable": false,
    "prefer-lowest": false,
    "platform": {
        "php": ">=7.0.0"
    },
    "platform-dev": []
}
